
Microsoft Visual Studio Solution File, Format Version 12.00
# Visual Studio Version 16
VisualStudioVersion = 16.0.29806.167
MinimumVisualStudioVersion = 10.0.40219.1
Project("{8BC9CEB8-8B4A-11D0-8D11-00A0C91BC942}") = "Lab4", "Lab4.vcxproj", "{8FB09CD1-682A-44E1-98BE-AFD942D66CDA}"
EndProject
Global
	GlobalSection(SolutionConfigurationPlatforms) = preSolution
		Debug|x64 = Debug|x64
		Debug|x86 = Debug|x86
		Release|x64 = Release|x64
		Release|x86 = Release|x86
	EndGlobalSection
	GlobalSection(ProjectConfigurationPlatforms) = postSolution
		{8FB09CD1-682A-44E1-98BE-AFD942D66CDA}.Debug|x64.ActiveCfg = Debug|x64
		{8FB09CD1-682A-44E1-98BE-AFD942D66CDA}.Debug|x64.Build.0 = Debug|x64
		{8FB09CD1-682A-44E1-98BE-AFD942D66CDA}.Debug|x86.ActiveCfg = Debug|Win32
		{8FB09CD1-682A-44E1-98BE-AFD942D66CDA}.Debug|x86.Build.0 = Debug|Win32
		{8FB09CD1-682A-44E1-98BE-AFD942D66CDA}.Release|x64.ActiveCfg = Release|x64
		{8FB09CD1-682A-44E1-98BE-AFD942D66CDA}.Release|x64.Build.0 = Release|x64
		{8FB09CD1-682A-44E1-98BE-AFD942D66CDA}.Release|x86.ActiveCfg = Release|Win32
		{8FB09CD1-682A-44E1-98BE-AFD942D66CDA}.Release|x86.Build.0 = Release|Win32
	EndGlobalSection
	GlobalSection(SolutionProperties) = preSolution
		HideSolutionNode = FALSE
	EndGlobalSection
	GlobalSection(ExtensibilityGlobals) = postSolution
		SolutionGuid = {BD6F7BB4-5A48-4CB2-BC30-A6AE494D3B82}
	EndGlobalSection
EndGlobal
